{
  "originHash" : "aaa3fb83266fb7e2a35d8da337a6c045897300d98043b22e6dceef3899700bd1",
  "pins" : [
    {
      "identity" : "combine-schedulers",
      "kind" : "remoteSourceControl",
      "location" : "https://github.com/pointfreeco/combine-schedulers",
      "state" : {
        "revision" : "5928286acce13def418ec36d05a001a9641086f2",
        "version" : "1.0.3"
      }
    },
    {
      "identity" : "error-presentation",
      "kind" : "remoteSourceControl",
      "location" : "https://github.com/nashysolutions/error-presentation.git",
      "state" : {
        "revision" : "fff6000d6642eebda879e3d57965541dd6a4aa47",
        "version" : "1.0.0"
      }
    },
    {
      "identity" : "files",
      "kind" : "remoteSourceControl",
      "location" : "https://github.com/nashysolutions/files.git",
      "state" : {
        "revision" : "9c76306050115394e69c7b05ff289d2d11135bea",
        "version" : "2.1.0"
      }
    },
    {
      "identity" : "foundation-dependencies",
      "kind" : "remoteSourceControl",
      "location" : "https://github.com/nashysolutions/foundation-dependencies.git",
      "state" : {
        "revision" : "d37471abb47972ea56ab8257d475830537844d52",
        "version" : "4.0.0"
      }
    },
    {
      "identity" : "swift-clocks",
      "kind" : "remoteSourceControl",
      "location" : "https://github.com/pointfreeco/swift-clocks",
      "state" : {
        "revision" : "cc46202b53476d64e824e0b6612da09d84ffde8e",
        "version" : "1.0.6"
      }
    },
    {
      "identity" : "swift-concurrency-extras",
      "kind" : "remoteSourceControl",
      "location" : "https://github.com/pointfreeco/swift-concurrency-extras",
      "state" : {
        "revision" : "82a4ae7170d98d8538ec77238b7eb8e7199ef2e8",
        "version" : "1.3.1"
      }
    },
    {
      "identity" : "swift-dependencies",
      "kind" : "remoteSourceControl",
      "location" : "https://github.com/pointfreeco/swift-dependencies.git",
      "state" : {
        "revision" : "ec2862d1364536fc22ec56a3094e7a034bbc7da8",
        "version" : "1.8.1"
      }
    },
    {
      "identity" : "swift-syntax",
      "kind" : "remoteSourceControl",
      "location" : "https://github.com/swiftlang/swift-syntax",
      "state" : {
        "revision" : "f99ae8aa18f0cf0d53481901f88a0991dc3bd4a2",
        "version" : "601.0.1"
      }
    },
    {
      "identity" : "versioning",
      "kind" : "remoteSourceControl",
      "location" : "https://github.com/nashysolutions/versioning.git",
      "state" : {
        "revision" : "17445660bf8eb496a307b57d6e3049ce58879ee5",
        "version" : "2.1.0"
      }
    },
    {
      "identity" : "xctest-dynamic-overlay",
      "kind" : "remoteSourceControl",
      "location" : "https://github.com/pointfreeco/xctest-dynamic-overlay",
      "state" : {
        "revision" : "39de59b2d47f7ef3ca88a039dff3084688fe27f4",
        "version" : "1.5.2"
      }
    }
  ],
  "version" : 3
}
